
Microsoft Visual Studio Solution File, Format Version 12.00
# Visual Studio Version 17
VisualStudioVersion = 17.0.31903.59
MinimumVisualStudioVersion = 10.0.40219.1
Project("{FAE04EC0-301F-11D3-BF4B-00C04F79EFBC}") = "FinantialAdvice.Api", "FinantialAdvice.Api\FinantialAdvice.Api.csproj", "{8AB03ED7-CD8F-4E9A-993D-9DC755C35D0F}"
EndProject
Project("{FAE04EC0-301F-11D3-BF4B-00C04F79EFBC}") = "FinantialAdvice.Core", "FinantialAdvice.Core\FinantialAdvice.Core.csproj", "{8270F883-CEFF-4AE7-BD6E-E843D6922BC8}"
EndProject
Project("{FAE04EC0-301F-11D3-BF4B-00C04F79EFBC}") = "FinantialAdvice.Web", "FinantialAdvice.Web\FinantialAdvice.Web.csproj", "{F5BAB9B3-754A-451E-9959-0F3590C16F09}"
EndProject
Global
	GlobalSection(SolutionConfigurationPlatforms) = preSolution
		Debug|Any CPU = Debug|Any CPU
		Release|Any CPU = Release|Any CPU
	EndGlobalSection
	GlobalSection(SolutionProperties) = preSolution
		HideSolutionNode = FALSE
	EndGlobalSection
	GlobalSection(ProjectConfigurationPlatforms) = postSolution
		{8AB03ED7-CD8F-4E9A-993D-9DC755C35D0F}.Debug|Any CPU.ActiveCfg = Debug|Any CPU
		{8AB03ED7-CD8F-4E9A-993D-9DC755C35D0F}.Debug|Any CPU.Build.0 = Debug|Any CPU
		{8AB03ED7-CD8F-4E9A-993D-9DC755C35D0F}.Release|Any CPU.ActiveCfg = Release|Any CPU
		{8AB03ED7-CD8F-4E9A-993D-9DC755C35D0F}.Release|Any CPU.Build.0 = Release|Any CPU
		{8270F883-CEFF-4AE7-BD6E-E843D6922BC8}.Debug|Any CPU.ActiveCfg = Debug|Any CPU
		{8270F883-CEFF-4AE7-BD6E-E843D6922BC8}.Debug|Any CPU.Build.0 = Debug|Any CPU
		{8270F883-CEFF-4AE7-BD6E-E843D6922BC8}.Release|Any CPU.ActiveCfg = Release|Any CPU
		{8270F883-CEFF-4AE7-BD6E-E843D6922BC8}.Release|Any CPU.Build.0 = Release|Any CPU
		{F5BAB9B3-754A-451E-9959-0F3590C16F09}.Debug|Any CPU.ActiveCfg = Debug|Any CPU
		{F5BAB9B3-754A-451E-9959-0F3590C16F09}.Debug|Any CPU.Build.0 = Debug|Any CPU
		{F5BAB9B3-754A-451E-9959-0F3590C16F09}.Release|Any CPU.ActiveCfg = Release|Any CPU
		{F5BAB9B3-754A-451E-9959-0F3590C16F09}.Release|Any CPU.Build.0 = Release|Any CPU
	EndGlobalSection
EndGlobal
